# This file is automatically @generated by Poetry 1.5.0 and should not be changed by hand.

[[package]]
name = "annotated-types"
version = "0.5.0"
description = "Reusable constraint types to use with typing.Annotated"
optional = false
python-versions = ">=3.7"
files = [
    {file = "annotated_types-0.5.0-py3-none-any.whl", hash = "sha256:58da39888f92c276ad970249761ebea80ba544b77acddaa1a4d6cf78287d45fd"},
    {file = "annotated_types-0.5.0.tar.gz", hash = "sha256:47cdc3490d9ac1506ce92c7aaa76c579dc3509ff11e098fc867e5130ab7be802"},
]

[[package]]
name = "async-timeout"
version = "4.0.3"
description = "Timeout context manager for asyncio programs"
optional = false
python-versions = ">=3.7"
files = [
    {file = "async-timeout-4.0.3.tar.gz", hash = "sha256:4640d96be84d82d02ed59ea2b7105a0f7b33abe8703703cd0ab0bf87c427522f"},
    {file = "async_timeout-4.0.3-py3-none-any.whl", hash = "sha256:7405140ff1230c310e51dc27b3145b9092d659ce68ff733fb0cefe3ee42be028"},
]

[[package]]
name = "gmqtt"
version = "0.6.12"
description = "Client for MQTT protocol"
optional = false
python-versions = ">=3.5"
files = [
    {file = "gmqtt-0.6.12-py3-none-any.whl", hash = "sha256:e8acad561d52734ae622c543042836fe7a9bd20a3894378794ec763be4901a39"},
    {file = "gmqtt-0.6.12.tar.gz", hash = "sha256:7df03792343089ae62dc7cd6f8be356861c4fc68768cefa22f3d8de5e7e5be48"},
]

[package.extras]
test = ["atomicwrites (>=1.3.0)", "attrs (>=19.1.0)", "codecov (>=2.0.15)", "coverage (>=4.5.3)", "more-itertools (>=7.0.0)", "pluggy (>=0.11.0)", "py (>=1.8.0)", "pytest (>=5.4.0)", "pytest-asyncio (>=0.12.0)", "pytest-cov (>=2.7.1)", "six (>=1.12.0)", "uvloop (>=0.14.0)"]

[[package]]
name = "hiredis"
version = "2.2.3"
description = "Python wrapper for hiredis"
optional = false
python-versions = ">=3.7"
files = [
    {file = "hiredis-2.2.3-cp310-cp310-macosx_10_12_universal2.whl", hash = "sha256:9a1a80a8fa767f2fdc3870316a54b84fe9fc09fa6ab6a2686783de6a228a4604"},
    {file = "hiredis-2.2.3-cp310-cp310-macosx_10_12_x86_64.whl", hash = "sha256:3f006c28c885deb99b670a5a66f367a175ab8955b0374029bad7111f5357dcd4"},
    {file = "hiredis-2.2.3-cp310-cp310-macosx_11_0_arm64.whl", hash = "sha256:ffaf841546905d90ff189de7397aa56413b1ce5e54547f17a98f0ebf3a3b0a3b"},
    {file = "hiredis-2.2.3-cp310-cp310-manylinux_2_17_aarch64.manylinux2014_aarch64.whl", hash = "sha256:1cadb0ac7ba3babfd804e425946bec9717b320564a1390f163a54af9365a720a"},
    {file = "hiredis-2.2.3-cp310-cp310-manylinux_2_17_ppc64le.manylinux2014_ppc64le.whl", hash = "sha256:33bc4721632ef9708fa44e5df0066053fccc8e65410a2c48573192517a533b48"},
    {file = "hiredis-2.2.3-cp310-cp310-manylinux_2_17_s390x.manylinux2014_s390x.whl", hash = "sha256:227c5b4bcb60f89008c275d596e4a7b6625a6b3c827b8a66ae582eace7051f71"},
    {file = "hiredis-2.2.3-cp310-cp310-manylinux_2_17_x86_64.manylinux2014_x86_64.whl", hash = "sha256:61995eb826009d99ed8590747bc0da683a5f4fbb4faa8788166bf3810845cd5c"},
    {file = "hiredis-2.2.3-cp310-cp310-manylinux_2_5_i686.manylinux1_i686.manylinux_2_17_i686.manylinux2014_i686.whl", hash = "sha256:6f969edc851efe23010e0f53a64269f2629a9364135e9ec81c842e8b2277d0c1"},
    {file = "hiredis-2.2.3-cp310-cp310-musllinux_1_1_aarch64.whl", hash = "sha256:d27e560eefb57914d742a837f1da98d3b29cb22eff013c8023b7cf52ae6e051d"},
    {file = "hiredis-2.2.3-cp310-cp310-musllinux_1_1_i686.whl", hash = "sha256:3759f4789ae1913b7df278dfc9e8749205b7a106f888cd2903d19461e24a7697"},
    {file = "hiredis-2.2.3-cp310-cp310-musllinux_1_1_ppc64le.whl", hash = "sha256:c6cb613148422c523945cdb8b6bed617856f2602fd8750e33773ede2616e55d5"},
    {file = "hiredis-2.2.3-cp310-cp310-musllinux_1_1_s390x.whl", hash = "sha256:1d274d5c511dfc03f83f997d3238eaa9b6ee3f982640979f509373cced891e98"},
    {file = "hiredis-2.2.3-cp310-cp310-musllinux_1_1_x86_64.whl", hash = "sha256:3b7fe075e91b9d9cff40eba4fb6a8eff74964d3979a39be9a9ef58b1b4cb3604"},
    {file = "hiredis-2.2.3-cp310-cp310-win32.whl", hash = "sha256:77924b0d32fd1f493d3df15d9609ddf9d94c31a364022a6bf6b525ce9da75bea"},
    {file = "hiredis-2.2.3-cp310-cp310-win_amd64.whl", hash = "sha256:dcb0569dd5bfe6004658cd0f229efa699a3169dcb4f77bd72e188adda302063d"},
    {file = "hiredis-2.2.3-cp311-cp311-macosx_10_12_universal2.whl", hash = "sha256:d115790f18daa99b5c11a506e48923b630ef712e9e4b40482af942c3d40638b8"},
    {file = "hiredis-2.2.3-cp311-cp311-macosx_10_12_x86_64.whl", hash = "sha256:4c3b8be557e08b234774925622e196f0ee36fe4eab66cd19df934d3efd8f3743"},
    {file = "hiredis-2.2.3-cp311-cp311-macosx_11_0_arm64.whl", hash = "sha256:3f5446068197b35a11ccc697720c41879c8657e2e761aaa8311783aac84cef20"},
    {file = "hiredis-2.2.3-cp311-cp311-manylinux_2_17_aarch64.manylinux2014_aarch64.whl", hash = "sha256:aa17a3b22b3726d54d7af20394f65d4a1735a842a4e0f557dc67a90f6965c4bc"},
    {file = "hiredis-2.2.3-cp311-cp311-manylinux_2_17_ppc64le.manylinux2014_ppc64le.whl", hash = "sha256:7df645b6b7800e8b748c217fbd6a4ca8361bcb9a1ae6206cc02377833ec8a1aa"},
    {file = "hiredis-2.2.3-cp311-cp311-manylinux_2_17_s390x.manylinux2014_s390x.whl", hash = "sha256:2fb9300959a0048138791f3d68359d61a788574ec9556bddf1fec07f2dbc5320"},
    {file = "hiredis-2.2.3-cp311-cp311-manylinux_2_17_x86_64.manylinux2014_x86_64.whl", hash = "sha256:2d7e459fe7313925f395148d36d9b7f4f8dac65be06e45d7af356b187cef65fc"},
    {file = "hiredis-2.2.3-cp311-cp311-manylinux_2_5_i686.manylinux1_i686.manylinux_2_17_i686.manylinux2014_i686.whl", hash = "sha256:8eceffca3941775b646cd585cd19b275d382de43cc3327d22f7c75d7b003d481"},
    {file = "hiredis-2.2.3-cp311-cp311-musllinux_1_1_aarch64.whl", hash = "sha256:b17baf702c6e5b4bb66e1281a3efbb1d749c9d06cdb92b665ad81e03118f78fc"},
    {file = "hiredis-2.2.3-cp311-cp311-musllinux_1_1_i686.whl", hash = "sha256:4e43e2b5acaad09cf48c032f7e4926392bb3a3f01854416cf6d82ebff94d5467"},
    {file = "hiredis-2.2.3-cp311-cp311-musllinux_1_1_ppc64le.whl", hash = "sha256:a7205497d7276a81fe92951a29616ef96562ed2f91a02066f72b6f93cb34b40e"},
    {file = "hiredis-2.2.3-cp311-cp311-musllinux_1_1_s390x.whl", hash = "sha256:126623b03c31cb6ac3e0d138feb6fcc36dd43dd34fc7da7b7a0c38b5d75bc896"},
    {file = "hiredis-2.2.3-cp311-cp311-musllinux_1_1_x86_64.whl", hash = "sha256:071c5814b850574036506a8118034f97c3cbf2fe9947ff45a27b07a48da56240"},
    {file = "hiredis-2.2.3-cp311-cp311-win32.whl", hash = "sha256:d1be9e30e675f5bc1cb534633324578f6f0944a1bcffe53242cf632f554f83b6"},
    {file = "hiredis-2.2.3-cp311-cp311-win_amd64.whl", hash = "sha256:b9a7c987e161e3c58f992c63b7e26fea7fe0777f3b975799d23d65bbb8cb5899"},
    {file = "hiredis-2.2.3-cp37-cp37m-macosx_10_12_x86_64.whl", hash = "sha256:f2dcb8389fa3d453927b1299f46bdb38473c293c8269d5c777d33ea0e526b610"},
    {file = "hiredis-2.2.3-cp37-cp37m-manylinux_2_17_aarch64.manylinux2014_aarch64.whl", hash = "sha256:a2df98f5e071320c7d84e8bd07c0542acdd0a7519307fc31774d60e4b842ec4f"},
    {file = "hiredis-2.2.3-cp37-cp37m-manylinux_2_17_ppc64le.manylinux2014_ppc64le.whl", hash = "sha256:61a72e4a523cdfc521762137559c08dfa360a3caef63620be58c699d1717dac1"},
    {file = "hiredis-2.2.3-cp37-cp37m-manylinux_2_17_s390x.manylinux2014_s390x.whl", hash = "sha256:c9b9e5bde7030cae83aa900b5bd660decc65afd2db8c400f3c568c815a47ca2a"},
    {file = "hiredis-2.2.3-cp37-cp37m-manylinux_2_17_x86_64.manylinux2014_x86_64.whl", hash = "sha256:cd2614f17e261f72efc2f19f5e5ff2ee19e2296570c0dcf33409e22be30710de"},
    {file = "hiredis-2.2.3-cp37-cp37m-manylinux_2_5_i686.manylinux1_i686.manylinux_2_17_i686.manylinux2014_i686.whl", hash = "sha256:46525fbd84523cac75af5bf524bc74aaac848beaf31b142d2df8a787d9b4bbc4"},
    {file = "hiredis-2.2.3-cp37-cp37m-musllinux_1_1_aarch64.whl", hash = "sha256:d1a4ce40ba11da9382c14da31f4f9e88c18f7d294f523decd0fadfb81f51ad18"},
    {file = "hiredis-2.2.3-cp37-cp37m-musllinux_1_1_i686.whl", hash = "sha256:5cda592405bbd29d53942e0389dc3fa77b49c362640210d7e94a10c14a677d4d"},
    {file = "hiredis-2.2.3-cp37-cp37m-musllinux_1_1_ppc64le.whl", hash = "sha256:5e6674a017629284ef373b50496d9fb1a89b85a20a7fa100ecd109484ec748e5"},
    {file = "hiredis-2.2.3-cp37-cp37m-musllinux_1_1_s390x.whl", hash = "sha256:e62ec131816c6120eff40dffe43424e140264a15fa4ab88c301bd6a595913af3"},
    {file = "hiredis-2.2.3-cp37-cp37m-musllinux_1_1_x86_64.whl", hash = "sha256:17e938d9d3ee92e1adbff361706f1c36cc60eeb3e3eeca7a3a353eae344f4c91"},
    {file = "hiredis-2.2.3-cp37-cp37m-win32.whl", hash = "sha256:95d2305fd2a7b179cacb48b10f618872fc565c175f9f62b854e8d1acac3e8a9e"},
    {file = "hiredis-2.2.3-cp37-cp37m-win_amd64.whl", hash = "sha256:8f9dbe12f011a9b784f58faecc171d22465bb532c310bd588d769ba79a59ef5a"},
    {file = "hiredis-2.2.3-cp38-cp38-macosx_10_12_universal2.whl", hash = "sha256:5a4bcef114fc071d5f52c386c47f35aae0a5b43673197b9288a15b584da8fa3a"},
    {file = "hiredis-2.2.3-cp38-cp38-macosx_10_12_x86_64.whl", hash = "sha256:232d0a70519865741ba56e1dfefd160a580ae78c30a1517bad47b3cf95a3bc7d"},
    {file = "hiredis-2.2.3-cp38-cp38-macosx_11_0_arm64.whl", hash = "sha256:9076ce8429785c85f824650735791738de7143f61f43ae9ed83e163c0ca0fa44"},
    {file = "hiredis-2.2.3-cp38-cp38-manylinux_2_17_aarch64.manylinux2014_aarch64.whl", hash = "sha256:ec58fb7c2062f835595c12f0f02dcda76d0eb0831423cc191d1e18c9276648de"},
    {file = "hiredis-2.2.3-cp38-cp38-manylinux_2_17_ppc64le.manylinux2014_ppc64le.whl", hash = "sha256:7f2b34a6444b8f9c1e9f84bd2c639388e5d14f128afd14a869dfb3d9af893aa2"},
    {file = "hiredis-2.2.3-cp38-cp38-manylinux_2_17_s390x.manylinux2014_s390x.whl", hash = "sha256:818dfd310aa1020a13cd08ee48e116dd8c3bb2e23b8161f8ac4df587dd5093d7"},
    {file = "hiredis-2.2.3-cp38-cp38-manylinux_2_17_x86_64.manylinux2014_x86_64.whl", hash = "sha256:96d9ea6c8d4cbdeee2e0d43379ce2881e4af0454b00570677c59f33f2531cd38"},
    {file = "hiredis-2.2.3-cp38-cp38-manylinux_2_5_i686.manylinux1_i686.manylinux_2_17_i686.manylinux2014_i686.whl", hash = "sha256:f1eadbcd3de55ac42310ff82550d3302cb4efcd4e17d76646a17b6e7004bb42b"},
    {file = "hiredis-2.2.3-cp38-cp38-musllinux_1_1_aarch64.whl", hash = "sha256:477c34c4489666dc73cb5e89dafe2617c3e13da1298917f73d55aac4696bd793"},
    {file = "hiredis-2.2.3-cp38-cp38-musllinux_1_1_i686.whl", hash = "sha256:14824e457e4f5cda685c3345d125da13949bcf3bb1c88eb5d248c8d2c3dee08f"},
    {file = "hiredis-2.2.3-cp38-cp38-musllinux_1_1_ppc64le.whl", hash = "sha256:9cd32326dfa6ce87edf754153b0105aca64486bebe93b9600ccff74fa0b224df"},
    {file = "hiredis-2.2.3-cp38-cp38-musllinux_1_1_s390x.whl", hash = "sha256:51341e70b467004dcbec3a6ce8c478d2d6241e0f6b01e4c56764afd5022e1e9d"},
    {file = "hiredis-2.2.3-cp38-cp38-musllinux_1_1_x86_64.whl", hash = "sha256:2443659c76b226267e2a04dbbb21bc2a3f91aa53bdc0c22964632753ae43a247"},
    {file = "hiredis-2.2.3-cp38-cp38-win32.whl", hash = "sha256:4e3e3e31423f888d396b1fc1f936936e52af868ac1ec17dd15e3eeba9dd4de24"},
    {file = "hiredis-2.2.3-cp38-cp38-win_amd64.whl", hash = "sha256:20f509e3a1a20d6e5f5794fc37ceb21f70f409101fcfe7a8bde783894d51b369"},
    {file = "hiredis-2.2.3-cp39-cp39-macosx_10_12_universal2.whl", hash = "sha256:d20891e3f33803b26d54c77fd5745878497091e33f4bbbdd454cf6e71aee8890"},
    {file = "hiredis-2.2.3-cp39-cp39-macosx_10_12_x86_64.whl", hash = "sha256:50171f985e17970f87d5a29e16603d1e5b03bdbf5c2691a37e6c912942a6b657"},
    {file = "hiredis-2.2.3-cp39-cp39-macosx_11_0_arm64.whl", hash = "sha256:9944a2cac25ffe049a7e89f306e11b900640837d1ef38d9be0eaa4a4e2b73a52"},
    {file = "hiredis-2.2.3-cp39-cp39-manylinux_2_17_aarch64.manylinux2014_aarch64.whl", hash = "sha256:5a5c8019ff94988d56eb49b15de76fe83f6b42536d76edeb6565dbf7fe14b973"},
    {file = "hiredis-2.2.3-cp39-cp39-manylinux_2_17_ppc64le.manylinux2014_ppc64le.whl", hash = "sha256:a286ded34eb16501002e3713b3130c987366eee2ba0d58c33c72f27778e31676"},
    {file = "hiredis-2.2.3-cp39-cp39-manylinux_2_17_s390x.manylinux2014_s390x.whl", hash = "sha256:4b3e974ad15eb32b1f537730dea70b93a4c3db7b026de3ad2b59da49c6f7454d"},
    {file = "hiredis-2.2.3-cp39-cp39-manylinux_2_17_x86_64.manylinux2014_x86_64.whl", hash = "sha256:08415ea74c1c29b9d6a4ca3dd0e810dc1af343c1d1d442e15ba133b11ab5be6a"},
    {file = "hiredis-2.2.3-cp39-cp39-manylinux_2_5_i686.manylinux1_i686.manylinux_2_17_i686.manylinux2014_i686.whl", hash = "sha256:7e17d04ea58ab8cf3f2dc52e875db16077c6357846006780086fff3189fb199d"},
    {file = "hiredis-2.2.3-cp39-cp39-musllinux_1_1_aarch64.whl", hash = "sha256:6ccdcb635dae85b006592f78e32d97f4bc7541cb27829d505f9c7fefcef48298"},
    {file = "hiredis-2.2.3-cp39-cp39-musllinux_1_1_i686.whl", hash = "sha256:69536b821dd1bc78058a6e7541743f8d82bf2d981b91280b14c4daa6cdc7faba"},
    {file = "hiredis-2.2.3-cp39-cp39-musllinux_1_1_ppc64le.whl", hash = "sha256:3753df5f873d473f055e1f8837bfad0bd3b277c86f3c9bf058c58f14204cd901"},
    {file = "hiredis-2.2.3-cp39-cp39-musllinux_1_1_s390x.whl", hash = "sha256:6f88cafe46612b6fa68e6dea49e25bebf160598bba00101caa51cc8c1f18d597"},
    {file = "hiredis-2.2.3-cp39-cp39-musllinux_1_1_x86_64.whl", hash = "sha256:33ee3ea5cad3a8cb339352cd230b411eb437a2e75d7736c4899acab32056ccdb"},
    {file = "hiredis-2.2.3-cp39-cp39-win32.whl", hash = "sha256:b4f3d06dc16671b88a13ae85d8ca92534c0b637d59e49f0558d040a691246422"},
    {file = "hiredis-2.2.3-cp39-cp39-win_amd64.whl", hash = "sha256:4f674e309cd055ee7a48304ceb8cf43265d859faf4d7d01d270ce45e976ae9d3"},
    {file = "hiredis-2.2.3-pp37-pypy37_pp73-macosx_10_12_x86_64.whl", hash = "sha256:8f280ab4e043b089777b43b4227bdc2035f88da5072ab36588e0ccf77d45d058"},
    {file = "hiredis-2.2.3-pp37-pypy37_pp73-manylinux_2_17_aarch64.manylinux2014_aarch64.whl", hash = "sha256:15c2a551f3b8a26f7940d6ee10b837810201754b8d7e6f6b1391655370882c5a"},
    {file = "hiredis-2.2.3-pp37-pypy37_pp73-manylinux_2_17_x86_64.manylinux2014_x86_64.whl", hash = "sha256:60c4e3c258eafaab21b174b17270a0cc093718d61cdbde8c03f85ec4bf835343"},
    {file = "hiredis-2.2.3-pp37-pypy37_pp73-manylinux_2_5_i686.manylinux1_i686.manylinux_2_17_i686.manylinux2014_i686.whl", hash = "sha256:cc36a9dded458d4e37492fe3e619c6c83caae794d26ad925adbce61d592f8428"},
    {file = "hiredis-2.2.3-pp37-pypy37_pp73-win_amd64.whl", hash = "sha256:4ed68a3b1ccb4313d2a42546fd7e7439ad4745918a48b6c9bcaa61e1e3e42634"},
    {file = "hiredis-2.2.3-pp38-pypy38_pp73-macosx_10_12_x86_64.whl", hash = "sha256:3bf4b5bae472630c229518e4a814b1b68f10a3d9b00aeaec45f1a330f03a0251"},
    {file = "hiredis-2.2.3-pp38-pypy38_pp73-manylinux_2_17_aarch64.manylinux2014_aarch64.whl", hash = "sha256:33a94d264e6e12a79d9bb8af333b01dc286b9f39c99072ab5fef94ce1f018e17"},
    {file = "hiredis-2.2.3-pp38-pypy38_pp73-manylinux_2_17_x86_64.manylinux2014_x86_64.whl", hash = "sha256:3fa6811a618653164f918b891a0fa07052bd71a799defa5c44d167cac5557b26"},
    {file = "hiredis-2.2.3-pp38-pypy38_pp73-manylinux_2_5_i686.manylinux1_i686.manylinux_2_17_i686.manylinux2014_i686.whl", hash = "sha256:af33f370be90b48bbaf0dab32decbdcc522b1fa95d109020a963282086518a8e"},
    {file = "hiredis-2.2.3-pp38-pypy38_pp73-win_amd64.whl", hash = "sha256:b9953d87418ac228f508d93898ab572775e4d3b0eeb886a1a7734553bcdaf291"},
    {file = "hiredis-2.2.3-pp39-pypy39_pp73-macosx_10_12_x86_64.whl", hash = "sha256:5e7bb4dd524f50b71c20ef5a12bd61da9b463f8894b18a06130942fe31509881"},
    {file = "hiredis-2.2.3-pp39-pypy39_pp73-manylinux_2_17_aarch64.manylinux2014_aarch64.whl", hash = "sha256:89a258424158eb8b3ed9f65548d68998da334ef155d09488c5637723eb1cd697"},
    {file = "hiredis-2.2.3-pp39-pypy39_pp73-manylinux_2_17_x86_64.manylinux2014_x86_64.whl", hash = "sha256:9f4a65276f6ecdebe75f2a53f578fbc40e8d2860658420d5e0611c56bbf5054c"},
    {file = "hiredis-2.2.3-pp39-pypy39_pp73-manylinux_2_5_i686.manylinux1_i686.manylinux_2_17_i686.manylinux2014_i686.whl", hash = "sha256:334f2738700b20faa04a0d813366fb16ed17287430a6b50584161d5ad31ca6d7"},
    {file = "hiredis-2.2.3-pp39-pypy39_pp73-win_amd64.whl", hash = "sha256:d194decd9608f11c777946f596f31d5aacad13972a0a87829ae1e6f2d26c1885"},
    {file = "hiredis-2.2.3.tar.gz", hash = "sha256:e75163773a309e56a9b58165cf5a50e0f84b755f6ff863b2c01a38918fe92daa"},
]

[[package]]
name = "pydantic"
version = "2.3.0"
description = "Data validation using Python type hints"
optional = false
python-versions = ">=3.7"
files = [
    {file = "pydantic-2.3.0-py3-none-any.whl", hash = "sha256:45b5e446c6dfaad9444819a293b921a40e1db1aa61ea08aede0522529ce90e81"},
    {file = "pydantic-2.3.0.tar.gz", hash = "sha256:1607cc106602284cd4a00882986570472f193fde9cb1259bceeaedb26aa79a6d"},
]

[package.dependencies]
annotated-types = ">=0.4.0"
pydantic-core = "2.6.3"
typing-extensions = ">=4.6.1"

[package.extras]
email = ["email-validator (>=2.0.0)"]

[[package]]
name = "pydantic-core"
version = "2.6.3"
description = ""
optional = false
python-versions = ">=3.7"
files = [
    {file = "pydantic_core-2.6.3-cp310-cp310-macosx_10_7_x86_64.whl", hash = "sha256:1a0ddaa723c48af27d19f27f1c73bdc615c73686d763388c8683fe34ae777bad"},
    {file = "pydantic_core-2.6.3-cp310-cp310-macosx_11_0_arm64.whl", hash = "sha256:5cfde4fab34dd1e3a3f7f3db38182ab6c95e4ea91cf322242ee0be5c2f7e3d2f"},
    {file = "pydantic_core-2.6.3-cp310-cp310-manylinux_2_17_aarch64.manylinux2014_aarch64.whl", hash = "sha256:5493a7027bfc6b108e17c3383959485087d5942e87eb62bbac69829eae9bc1f7"},
    {file = "pydantic_core-2.6.3-cp310-cp310-manylinux_2_17_armv7l.manylinux2014_armv7l.whl", hash = "sha256:84e87c16f582f5c753b7f39a71bd6647255512191be2d2dbf49458c4ef024588"},
    {file = "pydantic_core-2.6.3-cp310-cp310-manylinux_2_17_ppc64le.manylinux2014_ppc64le.whl", hash = "sha256:522a9c4a4d1924facce7270c84b5134c5cabcb01513213662a2e89cf28c1d309"},
    {file = "pydantic_core-2.6.3-cp310-cp310-manylinux_2_17_s390x.manylinux2014_s390x.whl", hash = "sha256:aaafc776e5edc72b3cad1ccedb5fd869cc5c9a591f1213aa9eba31a781be9ac1"},
    {file = "pydantic_core-2.6.3-cp310-cp310-manylinux_2_17_x86_64.manylinux2014_x86_64.whl", hash = "sha256:3a750a83b2728299ca12e003d73d1264ad0440f60f4fc9cee54acc489249b728"},
    {file = "pydantic_core-2.6.3-cp310-cp310-manylinux_2_5_i686.manylinux1_i686.whl", hash = "sha256:9e8b374ef41ad5c461efb7a140ce4730661aadf85958b5c6a3e9cf4e040ff4bb"},
    {file = "pydantic_core-2.6.3-cp310-cp310-musllinux_1_1_aarch64.whl", hash = "sha256:b594b64e8568cf09ee5c9501ede37066b9fc41d83d58f55b9952e32141256acd"},
    {file = "pydantic_core-2.6.3-cp310-cp310-musllinux_1_1_x86_64.whl", hash = "sha256:2a20c533cb80466c1d42a43a4521669ccad7cf2967830ac62c2c2f9cece63e7e"},
    {file = "pydantic_core-2.6.3-cp310-none-win32.whl", hash = "sha256:04fe5c0a43dec39aedba0ec9579001061d4653a9b53a1366b113aca4a3c05ca7"},
    {file = "pydantic_core-2.6.3-cp310-none-win_amd64.whl", hash = "sha256:6bf7d610ac8f0065a286002a23bcce241ea8248c71988bda538edcc90e0c39ad"},
    {file = "pydantic_core-2.6.3-cp311-cp311-macosx_10_7_x86_64.whl", hash = "sha256:6bcc1ad776fffe25ea5c187a028991c031a00ff92d012ca1cc4714087e575973"},
    {file = "pydantic_core-2.6.3-cp311-cp311-macosx_11_0_arm64.whl", hash = "sha256:df14f6332834444b4a37685810216cc8fe1fe91f447332cd56294c984ecbff1c"},
    {file = "pydantic_core-2.6.3-cp311-cp311-manylinux_2_17_aarch64.manylinux2014_aarch64.whl", hash = "sha256:a0b7486d85293f7f0bbc39b34e1d8aa26210b450bbd3d245ec3d732864009819"},
    {file = "pydantic_core-2.6.3-cp311-cp311-manylinux_2_17_armv7l.manylinux2014_armv7l.whl", hash = "sha256:a892b5b1871b301ce20d40b037ffbe33d1407a39639c2b05356acfef5536d26a"},
    {file = "pydantic_core-2.6.3-cp311-cp311-manylinux_2_17_ppc64le.manylinux2014_ppc64le.whl", hash = "sha256:883daa467865e5766931e07eb20f3e8152324f0adf52658f4d302242c12e2c32"},
    {file = "pydantic_core-2.6.3-cp311-cp311-manylinux_2_17_s390x.manylinux2014_s390x.whl", hash = "sha256:d4eb77df2964b64ba190eee00b2312a1fd7a862af8918ec70fc2d6308f76ac64"},
    {file = "pydantic_core-2.6.3-cp311-cp311-manylinux_2_17_x86_64.manylinux2014_x86_64.whl", hash = "sha256:1ce8c84051fa292a5dc54018a40e2a1926fd17980a9422c973e3ebea017aa8da"},
    {file = "pydantic_core-2.6.3-cp311-cp311-manylinux_2_5_i686.manylinux1_i686.whl", hash = "sha256:22134a4453bd59b7d1e895c455fe277af9d9d9fbbcb9dc3f4a97b8693e7e2c9b"},
    {file = "pydantic_core-2.6.3-cp311-cp311-musllinux_1_1_aarch64.whl", hash = "sha256:02e1c385095efbd997311d85c6021d32369675c09bcbfff3b69d84e59dc103f6"},
    {file = "pydantic_core-2.6.3-cp311-cp311-musllinux_1_1_x86_64.whl", hash = "sha256:d79f1f2f7ebdb9b741296b69049ff44aedd95976bfee38eb4848820628a99b50"},
    {file = "pydantic_core-2.6.3-cp311-none-win32.whl", hash = "sha256:430ddd965ffd068dd70ef4e4d74f2c489c3a313adc28e829dd7262cc0d2dd1e8"},
    {file = "pydantic_core-2.6.3-cp311-none-win_amd64.whl", hash = "sha256:84f8bb34fe76c68c9d96b77c60cef093f5e660ef8e43a6cbfcd991017d375950"},
    {file = "pydantic_core-2.6.3-cp311-none-win_arm64.whl", hash = "sha256:5a2a3c9ef904dcdadb550eedf3291ec3f229431b0084666e2c2aa8ff99a103a2"},
    {file = "pydantic_core-2.6.3-cp312-cp312-macosx_10_7_x86_64.whl", hash = "sha256:8421cf496e746cf8d6b677502ed9a0d1e4e956586cd8b221e1312e0841c002d5"},
    {file = "pydantic_core-2.6.3-cp312-cp312-macosx_11_0_arm64.whl", hash = "sha256:bb128c30cf1df0ab78166ded1ecf876620fb9aac84d2413e8ea1594b588c735d"},
    {file = "pydantic_core-2.6.3-cp312-cp312-manylinux_2_17_aarch64.manylinux2014_aarch64.whl", hash = "sha256:37a822f630712817b6ecc09ccc378192ef5ff12e2c9bae97eb5968a6cdf3b862"},
    {file = "pydantic_core-2.6.3-cp312-cp312-manylinux_2_17_armv7l.manylinux2014_armv7l.whl", hash = "sha256:240a015102a0c0cc8114f1cba6444499a8a4d0333e178bc504a5c2196defd456"},
    {file = "pydantic_core-2.6.3-cp312-cp312-manylinux_2_17_ppc64le.manylinux2014_ppc64le.whl", hash = "sha256:3f90e5e3afb11268628c89f378f7a1ea3f2fe502a28af4192e30a6cdea1e7d5e"},
    {file = "pydantic_core-2.6.3-cp312-cp312-manylinux_2_17_s390x.manylinux2014_s390x.whl", hash = "sha256:340e96c08de1069f3d022a85c2a8c63529fd88709468373b418f4cf2c949fb0e"},
    {file = "pydantic_core-2.6.3-cp312-cp312-manylinux_2_17_x86_64.manylinux2014_x86_64.whl", hash = "sha256:1480fa4682e8202b560dcdc9eeec1005f62a15742b813c88cdc01d44e85308e5"},
    {file = "pydantic_core-2.6.3-cp312-cp312-manylinux_2_5_i686.manylinux1_i686.whl", hash = "sha256:f14546403c2a1d11a130b537dda28f07eb6c1805a43dae4617448074fd49c282"},
    {file = "pydantic_core-2.6.3-cp312-cp312-musllinux_1_1_aarch64.whl", hash = "sha256:a87c54e72aa2ef30189dc74427421e074ab4561cf2bf314589f6af5b37f45e6d"},
    {file = "pydantic_core-2.6.3-cp312-cp312-musllinux_1_1_x86_64.whl", hash = "sha256:f93255b3e4d64785554e544c1c76cd32f4a354fa79e2eeca5d16ac2e7fdd57aa"},
    {file = "pydantic_core-2.6.3-cp312-none-win32.whl", hash = "sha256:f70dc00a91311a1aea124e5f64569ea44c011b58433981313202c46bccbec0e1"},
    {file = "pydantic_core-2.6.3-cp312-none-win_amd64.whl", hash = "sha256:23470a23614c701b37252618e7851e595060a96a23016f9a084f3f92f5ed5881"},
    {file = "pydantic_core-2.6.3-cp312-none-win_arm64.whl", hash = "sha256:1ac1750df1b4339b543531ce793b8fd5c16660a95d13aecaab26b44ce11775e9"},
    {file = "pydantic_core-2.6.3-cp37-cp37m-macosx_10_7_x86_64.whl", hash = "sha256:a53e3195f134bde03620d87a7e2b2f2046e0e5a8195e66d0f244d6d5b2f6d31b"},
    {file = "pydantic_core-2.6.3-cp37-cp37m-macosx_11_0_arm64.whl", hash = "sha256:f2969e8f72c6236c51f91fbb79c33821d12a811e2a94b7aa59c65f8dbdfad34a"},
    {file = "pydantic_core-2.6.3-cp37-cp37m-manylinux_2_17_aarch64.manylinux2014_aarch64.whl", hash = "sha256:672174480a85386dd2e681cadd7d951471ad0bb028ed744c895f11f9d51b9ebe"},
    {file = "pydantic_core-2.6.3-cp37-cp37m-manylinux_2_17_armv7l.manylinux2014_armv7l.whl", hash = "sha256:002d0ea50e17ed982c2d65b480bd975fc41086a5a2f9c924ef8fc54419d1dea3"},
    {file = "pydantic_core-2.6.3-cp37-cp37m-manylinux_2_17_ppc64le.manylinux2014_ppc64le.whl", hash = "sha256:3ccc13afee44b9006a73d2046068d4df96dc5b333bf3509d9a06d1b42db6d8bf"},
    {file = "pydantic_core-2.6.3-cp37-cp37m-manylinux_2_17_s390x.manylinux2014_s390x.whl", hash = "sha256:439a0de139556745ae53f9cc9668c6c2053444af940d3ef3ecad95b079bc9987"},
    {file = "pydantic_core-2.6.3-cp37-cp37m-manylinux_2_17_x86_64.manylinux2014_x86_64.whl", hash = "sha256:d63b7545d489422d417a0cae6f9898618669608750fc5e62156957e609e728a5"},
    {file = "pydantic_core-2.6.3-cp37-cp37m-manylinux_2_5_i686.manylinux1_i686.whl", hash = "sha256:b44c42edc07a50a081672e25dfe6022554b47f91e793066a7b601ca290f71e42"},
    {file = "pydantic_core-2.6.3-cp37-cp37m-musllinux_1_1_aarch64.whl", hash = "sha256:1c721bfc575d57305dd922e6a40a8fe3f762905851d694245807a351ad255c58"},
    {file = "pydantic_core-2.6.3-cp37-cp37m-musllinux_1_1_x86_64.whl", hash = "sha256:5e4a2cf8c4543f37f5dc881de6c190de08096c53986381daebb56a355be5dfe6"},
    {file = "pydantic_core-2.6.3-cp37-none-win32.whl", hash = "sha256:d9b4916b21931b08096efed090327f8fe78e09ae8f5ad44e07f5c72a7eedb51b"},
    {file = "pydantic_core-2.6.3-cp37-none-win_amd64.whl", hash = "sha256:a8acc9dedd304da161eb071cc7ff1326aa5b66aadec9622b2574ad3ffe225525"},
    {file = "pydantic_core-2.6.3-cp38-cp38-macosx_10_7_x86_64.whl", hash = "sha256:5e9c068f36b9f396399d43bfb6defd4cc99c36215f6ff33ac8b9c14ba15bdf6b"},
    {file = "pydantic_core-2.6.3-cp38-cp38-macosx_11_0_arm64.whl", hash = "sha256:e61eae9b31799c32c5f9b7be906be3380e699e74b2db26c227c50a5fc7988698"},
    {file = "pydantic_core-2.6.3-cp38-cp38-manylinux_2_17_aarch64.manylinux2014_aarch64.whl", hash = "sha256:d85463560c67fc65cd86153a4975d0b720b6d7725cf7ee0b2d291288433fc21b"},
    {file = "pydantic_core-2.6.3-cp38-cp38-manylinux_2_17_armv7l.manylinux2014_armv7l.whl", hash = "sha256:9616567800bdc83ce136e5847d41008a1d602213d024207b0ff6cab6753fe645"},
    {file = "pydantic_core-2.6.3-cp38-cp38-manylinux_2_17_ppc64le.manylinux2014_ppc64le.whl", hash = "sha256:9e9b65a55bbabda7fccd3500192a79f6e474d8d36e78d1685496aad5f9dbd92c"},
    {file = "pydantic_core-2.6.3-cp38-cp38-manylinux_2_17_s390x.manylinux2014_s390x.whl", hash = "sha256:f468d520f47807d1eb5d27648393519655eadc578d5dd862d06873cce04c4d1b"},
    {file = "pydantic_core-2.6.3-cp38-cp38-manylinux_2_17_x86_64.manylinux2014_x86_64.whl", hash = "sha256:9680dd23055dd874173a3a63a44e7f5a13885a4cfd7e84814be71be24fba83db"},
    {file = "pydantic_core-2.6.3-cp38-cp38-manylinux_2_5_i686.manylinux1_i686.whl", hash = "sha256:9a718d56c4d55efcfc63f680f207c9f19c8376e5a8a67773535e6f7e80e93170"},
    {file = "pydantic_core-2.6.3-cp38-cp38-musllinux_1_1_aarch64.whl", hash = "sha256:8ecbac050856eb6c3046dea655b39216597e373aa8e50e134c0e202f9c47efec"},
    {file = "pydantic_core-2.6.3-cp38-cp38-musllinux_1_1_x86_64.whl", hash = "sha256:788be9844a6e5c4612b74512a76b2153f1877cd845410d756841f6c3420230eb"},
    {file = "pydantic_core-2.6.3-cp38-none-win32.whl", hash = "sha256:07a1aec07333bf5adebd8264047d3dc518563d92aca6f2f5b36f505132399efc"},
    {file = "pydantic_core-2.6.3-cp38-none-win_amd64.whl", hash = "sha256:621afe25cc2b3c4ba05fff53525156d5100eb35c6e5a7cf31d66cc9e1963e378"},
    {file = "pydantic_core-2.6.3-cp39-cp39-macosx_10_7_x86_64.whl", hash = "sha256:813aab5bfb19c98ae370952b6f7190f1e28e565909bfc219a0909db168783465"},
    {file = "pydantic_core-2.6.3-cp39-cp39-macosx_11_0_arm64.whl", hash = "sha256:50555ba3cb58f9861b7a48c493636b996a617db1a72c18da4d7f16d7b1b9952b"},
    {file = "pydantic_core-2.6.3-cp39-cp39-manylinux_2_17_aarch64.manylinux2014_aarch64.whl", hash = "sha256:19e20f8baedd7d987bd3f8005c146e6bcbda7cdeefc36fad50c66adb2dd2da48"},
    {file = "pydantic_core-2.6.3-cp39-cp39-manylinux_2_17_armv7l.manylinux2014_armv7l.whl", hash = "sha256:b0a5d7edb76c1c57b95df719af703e796fc8e796447a1da939f97bfa8a918d60"},
    {file = "pydantic_core-2.6.3-cp39-cp39-manylinux_2_17_ppc64le.manylinux2014_ppc64le.whl", hash = "sha256:f06e21ad0b504658a3a9edd3d8530e8cea5723f6ea5d280e8db8efc625b47e49"},
    {file = "pydantic_core-2.6.3-cp39-cp39-manylinux_2_17_s390x.manylinux2014_s390x.whl", hash = "sha256:ea053cefa008fda40f92aab937fb9f183cf8752e41dbc7bc68917884454c6362"},
    {file = "pydantic_core-2.6.3-cp39-cp39-manylinux_2_17_x86_64.manylinux2014_x86_64.whl", hash = "sha256:171a4718860790f66d6c2eda1d95dd1edf64f864d2e9f9115840840cf5b5713f"},
    {file = "pydantic_core-2.6.3-cp39-cp39-manylinux_2_5_i686.manylinux1_i686.whl", hash = "sha256:5ed7ceca6aba5331ece96c0e328cd52f0dcf942b8895a1ed2642de50800b79d3"},
    {file = "pydantic_core-2.6.3-cp39-cp39-musllinux_1_1_aarch64.whl", hash = "sha256:acafc4368b289a9f291e204d2c4c75908557d4f36bd3ae937914d4529bf62a76"},
    {file = "pydantic_core-2.6.3-cp39-cp39-musllinux_1_1_x86_64.whl", hash = "sha256:1aa712ba150d5105814e53cb141412217146fedc22621e9acff9236d77d2a5ef"},
    {file = "pydantic_core-2.6.3-cp39-none-win32.whl", hash = "sha256:44b4f937b992394a2e81a5c5ce716f3dcc1237281e81b80c748b2da6dd5cf29a"},
    {file = "pydantic_core-2.6.3-cp39-none-win_amd64.whl", hash = "sha256:9b33bf9658cb29ac1a517c11e865112316d09687d767d7a0e4a63d5c640d1b17"},
    {file = "pydantic_core-2.6.3-pp310-pypy310_pp73-macosx_10_7_x86_64.whl", hash = "sha256:d7050899026e708fb185e174c63ebc2c4ee7a0c17b0a96ebc50e1f76a231c057"},
    {file = "pydantic_core-2.6.3-pp310-pypy310_pp73-macosx_11_0_arm64.whl", hash = "sha256:99faba727727b2e59129c59542284efebbddade4f0ae6a29c8b8d3e1f437beb7"},
    {file = "pydantic_core-2.6.3-pp310-pypy310_pp73-manylinux_2_17_aarch64.manylinux2014_aarch64.whl", hash = "sha256:5fa159b902d22b283b680ef52b532b29554ea2a7fc39bf354064751369e9dbd7"},
    {file = "pydantic_core-2.6.3-pp310-pypy310_pp73-manylinux_2_17_x86_64.manylinux2014_x86_64.whl", hash = "sha256:046af9cfb5384f3684eeb3f58a48698ddab8dd870b4b3f67f825353a14441418"},
    {file = "pydantic_core-2.6.3-pp310-pypy310_pp73-manylinux_2_5_i686.manylinux1_i686.whl", hash = "sha256:930bfe73e665ebce3f0da2c6d64455098aaa67e1a00323c74dc752627879fc67"},
    {file = "pydantic_core-2.6.3-pp310-pypy310_pp73-musllinux_1_1_aarch64.whl", hash = "sha256:85cc4d105747d2aa3c5cf3e37dac50141bff779545ba59a095f4a96b0a460e70"},
    {file = "pydantic_core-2.6.3-pp310-pypy310_pp73-musllinux_1_1_x86_64.whl", hash = "sha256:b25afe9d5c4f60dcbbe2b277a79be114e2e65a16598db8abee2a2dcde24f162b"},
    {file = "pydantic_core-2.6.3-pp310-pypy310_pp73-win_amd64.whl", hash = "sha256:e49ce7dc9f925e1fb010fc3d555250139df61fa6e5a0a95ce356329602c11ea9"},
    {file = "pydantic_core-2.6.3-pp37-pypy37_pp73-macosx_10_7_x86_64.whl", hash = "sha256:2dd50d6a1aef0426a1d0199190c6c43ec89812b1f409e7fe44cb0fbf6dfa733c"},
    {file = "pydantic_core-2.6.3-pp37-pypy37_pp73-manylinux_2_17_aarch64.manylinux2014_aarch64.whl", hash = "sha256:c6595b0d8c8711e8e1dc389d52648b923b809f68ac1c6f0baa525c6440aa0daa"},
    {file = "pydantic_core-2.6.3-pp37-pypy37_pp73-manylinux_2_17_x86_64.manylinux2014_x86_64.whl", hash = "sha256:4ef724a059396751aef71e847178d66ad7fc3fc969a1a40c29f5aac1aa5f8784"},
    {file = "pydantic_core-2.6.3-pp37-pypy37_pp73-manylinux_2_5_i686.manylinux1_i686.whl", hash = "sha256:3c8945a105f1589ce8a693753b908815e0748f6279959a4530f6742e1994dcb6"},
    {file = "pydantic_core-2.6.3-pp37-pypy37_pp73-musllinux_1_1_aarch64.whl", hash = "sha256:c8c6660089a25d45333cb9db56bb9e347241a6d7509838dbbd1931d0e19dbc7f"},
    {file = "pydantic_core-2.6.3-pp37-pypy37_pp73-musllinux_1_1_x86_64.whl", hash = "sha256:692b4ff5c4e828a38716cfa92667661a39886e71136c97b7dac26edef18767f7"},
    {file = "pydantic_core-2.6.3-pp37-pypy37_pp73-win_amd64.whl", hash = "sha256:f1a5d8f18877474c80b7711d870db0eeef9442691fcdb00adabfc97e183ee0b0"},
    {file = "pydantic_core-2.6.3-pp38-pypy38_pp73-macosx_10_7_x86_64.whl", hash = "sha256:3796a6152c545339d3b1652183e786df648ecdf7c4f9347e1d30e6750907f5bb"},
    {file = "pydantic_core-2.6.3-pp38-pypy38_pp73-macosx_11_0_arm64.whl", hash = "sha256:b962700962f6e7a6bd77e5f37320cabac24b4c0f76afeac05e9f93cf0c620014"},
    {file = "pydantic_core-2.6.3-pp38-pypy38_pp73-manylinux_2_17_aarch64.manylinux2014_aarch64.whl", hash = "sha256:56ea80269077003eaa59723bac1d8bacd2cd15ae30456f2890811efc1e3d4413"},
    {file = "pydantic_core-2.6.3-pp38-pypy38_pp73-manylinux_2_17_x86_64.manylinux2014_x86_64.whl", hash = "sha256:75c0ebbebae71ed1e385f7dfd9b74c1cff09fed24a6df43d326dd7f12339ec34"},
    {file = "pydantic_core-2.6.3-pp38-pypy38_pp73-manylinux_2_5_i686.manylinux1_i686.whl", hash = "sha256:252851b38bad3bfda47b104ffd077d4f9604a10cb06fe09d020016a25107bf98"},
    {file = "pydantic_core-2.6.3-pp38-pypy38_pp73-musllinux_1_1_aarch64.whl", hash = "sha256:6656a0ae383d8cd7cc94e91de4e526407b3726049ce8d7939049cbfa426518c8"},
    {file = "pydantic_core-2.6.3-pp38-pypy38_pp73-musllinux_1_1_x86_64.whl", hash = "sha256:d9140ded382a5b04a1c030b593ed9bf3088243a0a8b7fa9f071a5736498c5483"},
    {file = "pydantic_core-2.6.3-pp38-pypy38_pp73-win_amd64.whl", hash = "sha256:d38bbcef58220f9c81e42c255ef0bf99735d8f11edef69ab0b499da77105158a"},
    {file = "pydantic_core-2.6.3-pp39-pypy39_pp73-macosx_10_7_x86_64.whl", hash = "sha256:c9d469204abcca28926cbc28ce98f28e50e488767b084fb3fbdf21af11d3de26"},
    {file = "pydantic_core-2.6.3-pp39-pypy39_pp73-macosx_11_0_arm64.whl", hash = "sha256:48c1ed8b02ffea4d5c9c220eda27af02b8149fe58526359b3c07eb391cb353a2"},
    {file = "pydantic_core-2.6.3-pp39-pypy39_pp73-manylinux_2_17_aarch64.manylinux2014_aarch64.whl", hash = "sha256:8b2b1bfed698fa410ab81982f681f5b1996d3d994ae8073286515ac4d165c2e7"},
    {file = "pydantic_core-2.6.3-pp39-pypy39_pp73-manylinux_2_17_x86_64.manylinux2014_x86_64.whl", hash = "sha256:bf9d42a71a4d7a7c1f14f629e5c30eac451a6fc81827d2beefd57d014c006c4a"},
    {file = "pydantic_core-2.6.3-pp39-pypy39_pp73-manylinux_2_5_i686.manylinux1_i686.whl", hash = "sha256:4292ca56751aebbe63a84bbfc3b5717abb09b14d4b4442cc43fd7c49a1529efd"},
    {file = "pydantic_core-2.6.3-pp39-pypy39_pp73-musllinux_1_1_aarch64.whl", hash = "sha256:7dc2ce039c7290b4ef64334ec7e6ca6494de6eecc81e21cb4f73b9b39991408c"},
    {file = "pydantic_core-2.6.3-pp39-pypy39_pp73-musllinux_1_1_x86_64.whl", hash = "sha256:615a31b1629e12445c0e9fc8339b41aaa6cc60bd53bf802d5fe3d2c0cda2ae8d"},
    {file = "pydantic_core-2.6.3-pp39-pypy39_pp73-win_amd64.whl", hash = "sha256:1fa1f6312fb84e8c281f32b39affe81984ccd484da6e9d65b3d18c202c666149"},
    {file = "pydantic_core-2.6.3.tar.gz", hash = "sha256:1508f37ba9e3ddc0189e6ff4e2228bd2d3c3a4641cbe8c07177162f76ed696c7"},
]

[package.dependencies]
typing-extensions = ">=4.6.0,<4.7.0 || >4.7.0"

[[package]]
name = "pydantic-settings"
version = "2.0.3"
description = "Settings management using Pydantic"
optional = false
python-versions = ">=3.7"
files = [
    {file = "pydantic_settings-2.0.3-py3-none-any.whl", hash = "sha256:ddd907b066622bd67603b75e2ff791875540dc485b7307c4fffc015719da8625"},
    {file = "pydantic_settings-2.0.3.tar.gz", hash = "sha256:962dc3672495aad6ae96a4390fac7e593591e144625e5112d359f8f67fb75945"},
]

[package.dependencies]
pydantic = ">=2.0.1"
python-dotenv = ">=0.21.0"

[[package]]
name = "python-dotenv"
version = "1.0.0"
description = "Read key-value pairs from a .env file and set them as environment variables"
optional = false
python-versions = ">=3.8"
files = [
    {file = "python-dotenv-1.0.0.tar.gz", hash = "sha256:a8df96034aae6d2d50a4ebe8216326c61c3eb64836776504fcca410e5937a3ba"},
    {file = "python_dotenv-1.0.0-py3-none-any.whl", hash = "sha256:f5971a9226b701070a4bf2c38c89e5a3f0d64de8debda981d1db98583009122a"},
]

[package.extras]
cli = ["click (>=5.0)"]

[[package]]
name = "redis"
version = "5.0.0"
description = "Python client for Redis database and key-value store"
optional = false
python-versions = ">=3.7"
files = [
    {file = "redis-5.0.0-py3-none-any.whl", hash = "sha256:06570d0b2d84d46c21defc550afbaada381af82f5b83e5b3777600e05d8e2ed0"},
    {file = "redis-5.0.0.tar.gz", hash = "sha256:5cea6c0d335c9a7332a460ed8729ceabb4d0c489c7285b0a86dbbf8a017bd120"},
]

[package.dependencies]
async-timeout = {version = ">=4.0.2", markers = "python_full_version <= \"3.11.2\""}
hiredis = {version = ">=1.0.0", optional = true, markers = "extra == \"hiredis\""}

[package.extras]
hiredis = ["hiredis (>=1.0.0)"]
ocsp = ["cryptography (>=36.0.1)", "pyopenssl (==20.0.1)", "requests (>=2.26.0)"]

[[package]]
name = "typing-extensions"
version = "4.8.0"
description = "Backported and Experimental Type Hints for Python 3.8+"
optional = false
python-versions = ">=3.8"
files = [
    {file = "typing_extensions-4.8.0-py3-none-any.whl", hash = "sha256:8f92fc8806f9a6b641eaa5318da32b44d401efaac0f6678c9bc448ba3605faa0"},
    {file = "typing_extensions-4.8.0.tar.gz", hash = "sha256:df8e4339e9cb77357558cbdbceca33c303714cf861d1eef15e1070055ae8b7ef"},
]

[metadata]
lock-version = "2.0"
python-versions = "^3.11"
content-hash = "8ecae5635c1756be31fac775b9d47af276bcbf04c0797aad91f3ba2386f7e14e"
