# generated by rye
# use `rye lock` or `rye sync` to update this lockfile
#
# last locked with the following flags:
#   pre: false
#   features: []
#   all-features: false
#   with-sources: false
#   generate-hashes: false
#   universal: false

-e file:.
annotated-types==0.7.0
    # via pydantic
asyncpg==0.30.0
    # via ctrlesc-gm
ctrlesc-models @ file:///home/sevenreek/Development/ctrlesc/ctrlesc-gm/../ctrlesc-models
    # via ctrlesc-gm
gmqtt==0.7.0
    # via ctrlesc-gm
greenlet==3.2.4
    # via sqlalchemy
hiredis==3.2.1
    # via redis
nanoid==2.0.0
    # via ctrlesc-models
pydantic==2.11.9
    # via ctrlesc-gm
    # via ctrlesc-models
    # via pydantic-settings
pydantic-core==2.33.2
    # via pydantic
pydantic-settings==2.11.0
    # via ctrlesc-gm
pyhumps==3.8.0
    # via ctrlesc-models
python-dotenv==1.1.1
    # via pydantic-settings
redis==6.4.0
    # via ctrlesc-gm
sqlalchemy==2.0.43
    # via ctrlesc-gm
    # via ctrlesc-models
typing-extensions==4.15.0
    # via pydantic
    # via pydantic-core
    # via sqlalchemy
    # via typing-inspection
typing-inspection==0.4.1
    # via pydantic
    # via pydantic-settings
